
Microsoft Visual Studio Solution File, Format Version 11.00
# Visual Studio 2010
Project("{FAE04EC0-301F-11D3-BF4B-00C04F79EFBC}") = "WarfaceLauncher", "WarLauncher.csproj", "{DD11284D-E2F4-4577-9B2D-C05751ED1D5D}"
EndProject
Global
	GlobalSection(SolutionConfigurationPlatforms) = preSolution
		Debug|Any CPU = Debug|Any CPU
		Release|Any CPU = Release|Any CPU
	EndGlobalSection
	GlobalSection(ProjectConfigurationPlatforms) = postSolution
		{DD11284D-E2F4-4577-9B2D-C05751ED1D5D}.Debug|Any CPU.ActiveCfg = Debug|Any CPU
		{DD11284D-E2F4-4577-9B2D-C05751ED1D5D}.Debug|Any CPU.Build.0 = Debug|Any CPU
		{DD11284D-E2F4-4577-9B2D-C05751ED1D5D}.Release|Any CPU.ActiveCfg = Release|Any CPU
		{DD11284D-E2F4-4577-9B2D-C05751ED1D5D}.Release|Any CPU.Build.0 = Release|Any CPU
	EndGlobalSection
	GlobalSection(SolutionProperties) = preSolution
		HideSolutionNode = FALSE
	EndGlobalSection
EndGlobal
